
Microsoft Visual Studio Solution File, Format Version 12.00
# Visual Studio Version 17
VisualStudioVersion = 17.4.33403.182
MinimumVisualStudioVersion = 10.0.40219.1
Project("{FAE04EC0-301F-11D3-BF4B-00C04F79EFBC}") = "Vehicle_Rental", "Vehicle_Rental\Vehicle_Rental.csproj", "{ADF4303D-1122-41DB-A58D-21EB64044F6D}"
EndProject
Project("{2150E333-8FDC-42A3-9474-1A3956D46DE8}") = "Solution Items", "Solution Items", "{F8190B7D-04AE-48C1-A914-67B4AF25C526}"
	ProjectSection(SolutionItems) = preProject
		README.md = README.md
	EndProjectSection
EndProject
Global
	GlobalSection(SolutionConfigurationPlatforms) = preSolution
		Debug|Any CPU = Debug|Any CPU
		Release|Any CPU = Release|Any CPU
	EndGlobalSection
	GlobalSection(ProjectConfigurationPlatforms) = postSolution
		{ADF4303D-1122-41DB-A58D-21EB64044F6D}.Debug|Any CPU.ActiveCfg = Debug|Any CPU
		{ADF4303D-1122-41DB-A58D-21EB64044F6D}.Debug|Any CPU.Build.0 = Debug|Any CPU
		{ADF4303D-1122-41DB-A58D-21EB64044F6D}.Release|Any CPU.ActiveCfg = Release|Any CPU
		{ADF4303D-1122-41DB-A58D-21EB64044F6D}.Release|Any CPU.Build.0 = Release|Any CPU
	EndGlobalSection
	GlobalSection(SolutionProperties) = preSolution
		HideSolutionNode = FALSE
	EndGlobalSection
	GlobalSection(ExtensibilityGlobals) = postSolution
		SolutionGuid = {19262C3F-EAA6-425D-9CC2-0D3281E6B587}
	EndGlobalSection
EndGlobal
